
Microsoft Visual Studio Solution File, Format Version 12.00
# Visual Studio Version 16
VisualStudioVersion = 16.0.30011.22
MinimumVisualStudioVersion = 10.0.40219.1
Project("{FAE04EC0-301F-11D3-BF4B-00C04F79EFBC}") = "AdventOfCode2020", "AdventOfCode2020.csproj", "{A6E88A3D-71A5-4FF6-A983-4215467A3ED8}"
EndProject
Global
	GlobalSection(SolutionConfigurationPlatforms) = preSolution
		Debug|Any CPU = Debug|Any CPU
		Release|Any CPU = Release|Any CPU
	EndGlobalSection
	GlobalSection(ProjectConfigurationPlatforms) = postSolution
		{A6E88A3D-71A5-4FF6-A983-4215467A3ED8}.Debug|Any CPU.ActiveCfg = Debug|Any CPU
		{A6E88A3D-71A5-4FF6-A983-4215467A3ED8}.Debug|Any CPU.Build.0 = Debug|Any CPU
		{A6E88A3D-71A5-4FF6-A983-4215467A3ED8}.Release|Any CPU.ActiveCfg = Release|Any CPU
		{A6E88A3D-71A5-4FF6-A983-4215467A3ED8}.Release|Any CPU.Build.0 = Release|Any CPU
	EndGlobalSection
	GlobalSection(SolutionProperties) = preSolution
		HideSolutionNode = FALSE
	EndGlobalSection
	GlobalSection(ExtensibilityGlobals) = postSolution
		SolutionGuid = {E4B76CF3-904D-46C3-8B14-3E6E7DD9BBB0}
	EndGlobalSection
EndGlobal
